
Microsoft Visual Studio Solution File, Format Version 12.00
# Visual Studio 14
VisualStudioVersion = 14.0.25420.1
MinimumVisualStudioVersion = 10.0.40219.1
Project("{FAE04EC0-301F-11D3-BF4B-00C04F79EFBC}") = "RabbitMQScheleton", "..\RabbitMQScheleton\RabbitMQScheleton\RabbitMQScheleton.csproj", "{9616464C-B9C2-4A5D-84FA-89EDD7B0F2C7}"
EndProject
Project("{FAE04EC0-301F-11D3-BF4B-00C04F79EFBC}") = "Runner", "..\Runner\Runner\Runner.csproj", "{E5759936-65B1-42B8-BC15-DCA2F435DF1E}"
EndProject
Global
	GlobalSection(SolutionConfigurationPlatforms) = preSolution
		Debug|Any CPU = Debug|Any CPU
		Release|Any CPU = Release|Any CPU
	EndGlobalSection
	GlobalSection(ProjectConfigurationPlatforms) = postSolution
		{9616464C-B9C2-4A5D-84FA-89EDD7B0F2C7}.Debug|Any CPU.ActiveCfg = Debug|Any CPU
		{9616464C-B9C2-4A5D-84FA-89EDD7B0F2C7}.Debug|Any CPU.Build.0 = Debug|Any CPU
		{9616464C-B9C2-4A5D-84FA-89EDD7B0F2C7}.Release|Any CPU.ActiveCfg = Release|Any CPU
		{9616464C-B9C2-4A5D-84FA-89EDD7B0F2C7}.Release|Any CPU.Build.0 = Release|Any CPU
		{E5759936-65B1-42B8-BC15-DCA2F435DF1E}.Debug|Any CPU.ActiveCfg = Debug|Any CPU
		{E5759936-65B1-42B8-BC15-DCA2F435DF1E}.Debug|Any CPU.Build.0 = Debug|Any CPU
		{E5759936-65B1-42B8-BC15-DCA2F435DF1E}.Release|Any CPU.ActiveCfg = Release|Any CPU
		{E5759936-65B1-42B8-BC15-DCA2F435DF1E}.Release|Any CPU.Build.0 = Release|Any CPU
	EndGlobalSection
	GlobalSection(SolutionProperties) = preSolution
		HideSolutionNode = FALSE
	EndGlobalSection
EndGlobal
